
Microsoft Visual Studio Solution File, Format Version 12.00
# Visual Studio 15
VisualStudioVersion = 15.0.28307.645
MinimumVisualStudioVersion = 10.0.40219.1
Project("{FAE04EC0-301F-11D3-BF4B-00C04F79EFBC}") = "BusStopProcesser", "BusStopProcesser\BusStopProcesser.csproj", "{760BDD58-1C1B-4F72-9661-727E541896E2}"
EndProject
Global
	GlobalSection(SolutionConfigurationPlatforms) = preSolution
		Debug|Any CPU = Debug|Any CPU
		Release|Any CPU = Release|Any CPU
	EndGlobalSection
	GlobalSection(ProjectConfigurationPlatforms) = postSolution
		{760BDD58-1C1B-4F72-9661-727E541896E2}.Debug|Any CPU.ActiveCfg = Debug|Any CPU
		{760BDD58-1C1B-4F72-9661-727E541896E2}.Debug|Any CPU.Build.0 = Debug|Any CPU
		{760BDD58-1C1B-4F72-9661-727E541896E2}.Release|Any CPU.ActiveCfg = Release|Any CPU
		{760BDD58-1C1B-4F72-9661-727E541896E2}.Release|Any CPU.Build.0 = Release|Any CPU
	EndGlobalSection
	GlobalSection(SolutionProperties) = preSolution
		HideSolutionNode = FALSE
	EndGlobalSection
	GlobalSection(ExtensibilityGlobals) = postSolution
		SolutionGuid = {53DC46C7-C8CC-454F-B192-8958C6AB10F8}
	EndGlobalSection
EndGlobal
