
Microsoft Visual Studio Solution File, Format Version 12.00
# Visual Studio 15
VisualStudioVersion = 15.0.28307.645
MinimumVisualStudioVersion = 10.0.40219.1
Project("{FAE04EC0-301F-11D3-BF4B-00C04F79EFBC}") = "GeoConvertLib", "GeoConvertLib\GeoConvertLib.csproj", "{D904BB13-F7B6-4C3E-997A-0D2E1F86EF17}"
EndProject
Global
	GlobalSection(SolutionConfigurationPlatforms) = preSolution
		Debug|Any CPU = Debug|Any CPU
		Release|Any CPU = Release|Any CPU
	EndGlobalSection
	GlobalSection(ProjectConfigurationPlatforms) = postSolution
		{D904BB13-F7B6-4C3E-997A-0D2E1F86EF17}.Debug|Any CPU.ActiveCfg = Debug|Any CPU
		{D904BB13-F7B6-4C3E-997A-0D2E1F86EF17}.Debug|Any CPU.Build.0 = Debug|Any CPU
		{D904BB13-F7B6-4C3E-997A-0D2E1F86EF17}.Release|Any CPU.ActiveCfg = Release|Any CPU
		{D904BB13-F7B6-4C3E-997A-0D2E1F86EF17}.Release|Any CPU.Build.0 = Release|Any CPU
	EndGlobalSection
	GlobalSection(SolutionProperties) = preSolution
		HideSolutionNode = FALSE
	EndGlobalSection
	GlobalSection(ExtensibilityGlobals) = postSolution
		SolutionGuid = {A038455D-6C64-45C3-A21A-25A52AD82812}
	EndGlobalSection
EndGlobal
